
Microsoft Visual Studio Solution File, Format Version 12.00
# Visual Studio 14
VisualStudioVersion = 14.0.23107.0
MinimumVisualStudioVersion = 10.0.40219.1
Project("{FAE04EC0-301F-11D3-BF4B-00C04F79EFBC}") = "Galaxy", "Galaxy\Galaxy.csproj", "{DCA3BBE0-3C81-4109-83DB-244E1116F095}"
EndProject
Project("{FAE04EC0-301F-11D3-BF4B-00C04F79EFBC}") = "Galaxy.Tests", "Galaxy.Tests\Galaxy.Tests.csproj", "{87977A22-53CA-4BDF-B57C-BF5BE9C7B242}"
EndProject
Project("{FAE04EC0-301F-11D3-BF4B-00C04F79EFBC}") = "Galaxy.Host", "Galaxy.Host\Galaxy.Host.csproj", "{459DF6FD-3F74-41B2-86F0-99C4B897FA67}"
EndProject
Project("{2150E333-8FDC-42A3-9474-1A3956D46DE8}") = ".nuget", ".nuget", "{2F587302-E245-42DC-99EF-2B2FA70D4A64}"
	ProjectSection(SolutionItems) = preProject
		.nuget\packages.config = .nuget\packages.config
	EndProjectSection
EndProject
Global
	GlobalSection(SolutionConfigurationPlatforms) = preSolution
		Debug|Any CPU = Debug|Any CPU
		Release|Any CPU = Release|Any CPU
	EndGlobalSection
	GlobalSection(ProjectConfigurationPlatforms) = postSolution
		{DCA3BBE0-3C81-4109-83DB-244E1116F095}.Debug|Any CPU.ActiveCfg = Debug|Any CPU
		{DCA3BBE0-3C81-4109-83DB-244E1116F095}.Debug|Any CPU.Build.0 = Debug|Any CPU
		{DCA3BBE0-3C81-4109-83DB-244E1116F095}.Release|Any CPU.ActiveCfg = Release|Any CPU
		{DCA3BBE0-3C81-4109-83DB-244E1116F095}.Release|Any CPU.Build.0 = Release|Any CPU
		{87977A22-53CA-4BDF-B57C-BF5BE9C7B242}.Debug|Any CPU.ActiveCfg = Debug|Any CPU
		{87977A22-53CA-4BDF-B57C-BF5BE9C7B242}.Debug|Any CPU.Build.0 = Debug|Any CPU
		{87977A22-53CA-4BDF-B57C-BF5BE9C7B242}.Release|Any CPU.ActiveCfg = Release|Any CPU
		{87977A22-53CA-4BDF-B57C-BF5BE9C7B242}.Release|Any CPU.Build.0 = Release|Any CPU
		{459DF6FD-3F74-41B2-86F0-99C4B897FA67}.Debug|Any CPU.ActiveCfg = Debug|Any CPU
		{459DF6FD-3F74-41B2-86F0-99C4B897FA67}.Debug|Any CPU.Build.0 = Debug|Any CPU
		{459DF6FD-3F74-41B2-86F0-99C4B897FA67}.Release|Any CPU.ActiveCfg = Release|Any CPU
		{459DF6FD-3F74-41B2-86F0-99C4B897FA67}.Release|Any CPU.Build.0 = Release|Any CPU
	EndGlobalSection
	GlobalSection(SolutionProperties) = preSolution
		HideSolutionNode = FALSE
	EndGlobalSection
EndGlobal
